
Microsoft Visual Studio Solution File, Format Version 12.00
# Visual Studio Version 17
VisualStudioVersion = 17.4.33122.133
MinimumVisualStudioVersion = 10.0.40219.1
Project("{FAE04EC0-301F-11D3-BF4B-00C04F79EFBC}") = "polymorinter", "polymorinter.csproj", "{3E9829F3-3B2B-4604-9D3F-94E320FDF0FF}"
EndProject
Global
	GlobalSection(SolutionConfigurationPlatforms) = preSolution
		Debug|Any CPU = Debug|Any CPU
		Release|Any CPU = Release|Any CPU
	EndGlobalSection
	GlobalSection(ProjectConfigurationPlatforms) = postSolution
		{3E9829F3-3B2B-4604-9D3F-94E320FDF0FF}.Debug|Any CPU.ActiveCfg = Debug|Any CPU
		{3E9829F3-3B2B-4604-9D3F-94E320FDF0FF}.Debug|Any CPU.Build.0 = Debug|Any CPU
		{3E9829F3-3B2B-4604-9D3F-94E320FDF0FF}.Release|Any CPU.ActiveCfg = Release|Any CPU
		{3E9829F3-3B2B-4604-9D3F-94E320FDF0FF}.Release|Any CPU.Build.0 = Release|Any CPU
	EndGlobalSection
	GlobalSection(SolutionProperties) = preSolution
		HideSolutionNode = FALSE
	EndGlobalSection
	GlobalSection(ExtensibilityGlobals) = postSolution
		SolutionGuid = {9F7D8DE5-26D9-4385-8443-E89F01BDBA14}
	EndGlobalSection
EndGlobal
